<?xml version="1.0" encoding="utf-8"?>
<Project ToolsVersion="4.0" xmlns="http://schemas.microsoft.com/developer/msbuild/2003">
  <ItemGroup>
    <Filter Include="Quelldateien">
      <UniqueIdentifier>{4FC737F1-C7A5-4376-A066-2A32D752A2FF}</UniqueIdentifier>
      <Extensions>cpp;c;cc;cxx;def;odl;idl;hpj;bat;asm;asmx</Extensions>
    </Filter>
    <Filter Include="Headerdateien">
      <UniqueIdentifier>{93995380-89BD-4b04-88EB-625FBE52EBFB}</UniqueIdentifier>
      <Extensions>h;hh;hpp;hxx;hm;inl;inc;xsd</Extensions>
    </Filter>
    <Filter Include="Ressourcendateien">
      <UniqueIdentifier>{67DA6AB6-F800-4c08-8B7A-83BB121AAD01}</UniqueIdentifier>
      <Extensions>rc;ico;cur;bmp;dlg;rc2;rct;bin;rgs;gif;jpg;jpeg;jpe;resx;tiff;tif;png;wav;mfcribbon-ms</Extensions>
    </Filter>
    <Filter Include="ARFF">
      <UniqueIdentifier>{6c82549d-20e3-4080-803d-cd2ce175bbb8}</UniqueIdentifier>
    </Filter>
  </ItemGroup>
  <ItemGroup>
    <ClCompile Include="EccCL.cpp">
      <Filter>Quelldateien</Filter>
    </ClCompile>
    <ClCompile Include="ECCOutputContainer.cpp">
      <Filter>Quelldateien</Filter>
    </ClCompile>
    <ClCompile Include="WekaFrameLoader.cpp">
      <Filter>Quelldateien</Filter>
    </ClCompile>
    <ClCompile Include="ECCExecutor.cpp">
      <Filter>Quelldateien</Filter>
    </ClCompile>
    <ClCompile Include="ECCOutput.cpp">
      <Filter>Quelldateien</Filter>
    </ClCompile>
    <ClCompile Include="Kernel.cpp">
      <Filter>Quelldateien</Filter>
    </ClCompile>
    <ClCompile Include="PlatformUtil.cpp">
      <Filter>Quelldateien</Filter>
    </ClCompile>
    <ClCompile Include="HostBuilder.cpp">
      <Filter>Quelldateien</Filter>
    </ClCompile>
    <ClCompile Include="HostClassifier.cpp">
      <Filter>Quelldateien</Filter>
    </ClCompile>
    <ClCompile Include="ClassifierChain.cpp">
      <Filter>Quelldateien</Filter>
    </ClCompile>
    <ClCompile Include="ECCData.cpp">
      <Filter>Quelldateien</Filter>
    </ClCompile>
    <ClCompile Include="EnsembleOfClassifierChains.cpp">
      <Filter>Quelldateien</Filter>
    </ClCompile>
    <ClCompile Include="RForest.cpp">
      <Filter>Quelldateien</Filter>
    </ClCompile>
    <ClCompile Include="RTree.cpp">
      <Filter>Quelldateien</Filter>
    </ClCompile>
    <ClCompile Include="SimpleMultilabelInstance.cpp">
      <Filter>Quelldateien</Filter>
    </ClCompile>
    <ClCompile Include="InstanceBasedFMeasure.cpp">
      <Filter>Quelldateien</Filter>
    </ClCompile>
    <ClCompile Include="MacroAccuracy.cpp">
      <Filter>Quelldateien</Filter>
    </ClCompile>
    <ClCompile Include="Measurer.cpp">
      <Filter>Quelldateien</Filter>
    </ClCompile>
    <ClCompile Include="EvaluationEntry.cpp">
      <Filter>Quelldateien</Filter>
    </ClCompile>
    <ClCompile Include="EvaluationResult.cpp">
      <Filter>Quelldateien</Filter>
    </ClCompile>
    <ClCompile Include="Evaluator.cpp">
      <Filter>Quelldateien</Filter>
    </ClCompile>
    <ClCompile Include="Util.cpp">
      <Filter>Quelldateien</Filter>
    </ClCompile>
    <ClCompile Include="main.cpp">
      <Filter>Quelldateien</Filter>
    </ClCompile>
    <ClCompile Include="ARFFparser\arff_attr.cpp">
      <Filter>ARFF</Filter>
    </ClCompile>
    <ClCompile Include="ARFFparser\arff_data.cpp">
      <Filter>ARFF</Filter>
    </ClCompile>
    <ClCompile Include="ARFFparser\arff_instance.cpp">
      <Filter>ARFF</Filter>
    </ClCompile>
    <ClCompile Include="ARFFparser\arff_lexer.cpp">
      <Filter>ARFF</Filter>
    </ClCompile>
    <ClCompile Include="ARFFparser\arff_parser.cpp">
      <Filter>ARFF</Filter>
    </ClCompile>
    <ClCompile Include="ARFFparser\arff_scanner.cpp">
      <Filter>ARFF</Filter>
    </ClCompile>
    <ClCompile Include="ARFFparser\arff_token.cpp">
      <Filter>ARFF</Filter>
    </ClCompile>
    <ClCompile Include="ARFFparser\arff_utils.cpp">
      <Filter>ARFF</Filter>
    </ClCompile>
    <ClCompile Include="ARFFparser\arff_value.cpp">
      <Filter>ARFF</Filter>
    </ClCompile>
  </ItemGroup>
  <ItemGroup>
    <ClInclude Include="EccCL.h">
      <Filter>Headerdateien</Filter>
    </ClInclude>
    <ClInclude Include="ECCOutputContainer.h">
      <Filter>Headerdateien</Filter>
    </ClInclude>
    <ClInclude Include="WekaFrameLoader.h">
      <Filter>Headerdateien</Filter>
    </ClInclude>
    <ClInclude Include="ECCExecutor.h">
      <Filter>Headerdateien</Filter>
    </ClInclude>
    <ClInclude Include="ECCOutput.h">
      <Filter>Headerdateien</Filter>
    </ClInclude>
    <ClInclude Include="Kernel.h">
      <Filter>Headerdateien</Filter>
    </ClInclude>
    <ClInclude Include="PlatformUtil.h">
      <Filter>Headerdateien</Filter>
    </ClInclude>
    <ClInclude Include="HostBuilder.h">
      <Filter>Headerdateien</Filter>
    </ClInclude>
    <ClInclude Include="HostClassifier.h">
      <Filter>Headerdateien</Filter>
    </ClInclude>
    <ClInclude Include="ClassifierChain.h">
      <Filter>Headerdateien</Filter>
    </ClInclude>
    <ClInclude Include="ECCData.h">
      <Filter>Headerdateien</Filter>
    </ClInclude>
    <ClInclude Include="EnsembleOfClassifierChains.h">
      <Filter>Headerdateien</Filter>
    </ClInclude>
    <ClInclude Include="RForest.h">
      <Filter>Headerdateien</Filter>
    </ClInclude>
    <ClInclude Include="RTree.h">
      <Filter>Headerdateien</Filter>
    </ClInclude>
    <ClInclude Include="SimpleMultilabelInstance.h">
      <Filter>Headerdateien</Filter>
    </ClInclude>
    <ClInclude Include="InstanceBasedFMeasure.h">
      <Filter>Headerdateien</Filter>
    </ClInclude>
    <ClInclude Include="MacroAccuracy.h">
      <Filter>Headerdateien</Filter>
    </ClInclude>
    <ClInclude Include="Measurer.h">
      <Filter>Headerdateien</Filter>
    </ClInclude>
    <ClInclude Include="EvaluationEntry.h">
      <Filter>Headerdateien</Filter>
    </ClInclude>
    <ClInclude Include="EvaluationResult.h">
      <Filter>Headerdateien</Filter>
    </ClInclude>
    <ClInclude Include="Evaluator.h">
      <Filter>Headerdateien</Filter>
    </ClInclude>
    <ClInclude Include="Util.h">
      <Filter>Headerdateien</Filter>
    </ClInclude>
    <ClInclude Include="ARFFparser\arff_attr.h">
      <Filter>ARFF</Filter>
    </ClInclude>
    <ClInclude Include="ARFFparser\arff_data.h">
      <Filter>ARFF</Filter>
    </ClInclude>
    <ClInclude Include="ARFFparser\arff_instance.h">
      <Filter>ARFF</Filter>
    </ClInclude>
    <ClInclude Include="ARFFparser\arff_lexer.h">
      <Filter>ARFF</Filter>
    </ClInclude>
    <ClInclude Include="ARFFparser\arff_parser.h">
      <Filter>ARFF</Filter>
    </ClInclude>
    <ClInclude Include="ARFFparser\arff_scanner.h">
      <Filter>ARFF</Filter>
    </ClInclude>
    <ClInclude Include="ARFFparser\arff_token.h">
      <Filter>ARFF</Filter>
    </ClInclude>
    <ClInclude Include="ARFFparser\arff_utils.h">
      <Filter>ARFF</Filter>
    </ClInclude>
    <ClInclude Include="ARFFparser\arff_value.h">
      <Filter>ARFF</Filter>
    </ClInclude>
  </ItemGroup>
</Project>